
Microsoft Visual Studio Solution File, Format Version 12.00
# Visual Studio Version 17
VisualStudioVersion = 17.2.32630.192
MinimumVisualStudioVersion = 10.0.40219.1
Project("{9A19103F-16F7-4668-BE54-9A1E7A4F7556}") = "NerfTenshi", "src\NerfTenshi\NerfTenshi.csproj", "{EB456967-1543-4F5E-9927-151758F990A1}"
EndProject
Project("{9A19103F-16F7-4668-BE54-9A1E7A4F7556}") = "MakeLazyRabbitLazy", "src\MakeLazyRabbitLazy\MakeLazyRabbitLazy.csproj", "{5A6847E7-83CD-4290-BA00-22D55DC499E9}"
EndProject
Project("{9A19103F-16F7-4668-BE54-9A1E7A4F7556}") = "HelpMeEirin", "src\HelpMeEirin\HelpMeEirin.csproj", "{4DA3EC25-7212-4662-A6E4-1482321CF792}"
EndProject
Project("{9A19103F-16F7-4668-BE54-9A1E7A4F7556}") = "BanList", "src\BanList\BanList.csproj", "{5E4267B3-9386-43A9-A51B-8EFAE023DAC8}"
EndProject
Project("{9A19103F-16F7-4668-BE54-9A1E7A4F7556}") = "VanillaTweaks", "src\VanillaTweaks\VanillaTweaks.csproj", "{5934DBCD-EE13-4451-8FF3-26AA3811C0D0}"
EndProject
Project("{9A19103F-16F7-4668-BE54-9A1E7A4F7556}") = "GunToolCard", "src\GunToolCard\GunToolCard.csproj", "{40D9D7A2-C6D7-477B-83A4-E079824D750F}"
EndProject
Global
	GlobalSection(SolutionConfigurationPlatforms) = preSolution
		Debug|Any CPU = Debug|Any CPU
		Release|Any CPU = Release|Any CPU
	EndGlobalSection
	GlobalSection(ProjectConfigurationPlatforms) = postSolution
		{EB456967-1543-4F5E-9927-151758F990A1}.Debug|Any CPU.ActiveCfg = Debug|Any CPU
		{EB456967-1543-4F5E-9927-151758F990A1}.Debug|Any CPU.Build.0 = Debug|Any CPU
		{EB456967-1543-4F5E-9927-151758F990A1}.Release|Any CPU.ActiveCfg = Release|Any CPU
		{EB456967-1543-4F5E-9927-151758F990A1}.Release|Any CPU.Build.0 = Release|Any CPU
		{5A6847E7-83CD-4290-BA00-22D55DC499E9}.Debug|Any CPU.ActiveCfg = Debug|Any CPU
		{5A6847E7-83CD-4290-BA00-22D55DC499E9}.Debug|Any CPU.Build.0 = Debug|Any CPU
		{5A6847E7-83CD-4290-BA00-22D55DC499E9}.Release|Any CPU.ActiveCfg = Release|Any CPU
		{5A6847E7-83CD-4290-BA00-22D55DC499E9}.Release|Any CPU.Build.0 = Release|Any CPU
		{4DA3EC25-7212-4662-A6E4-1482321CF792}.Debug|Any CPU.ActiveCfg = Debug|Any CPU
		{4DA3EC25-7212-4662-A6E4-1482321CF792}.Debug|Any CPU.Build.0 = Debug|Any CPU
		{4DA3EC25-7212-4662-A6E4-1482321CF792}.Release|Any CPU.ActiveCfg = Release|Any CPU
		{4DA3EC25-7212-4662-A6E4-1482321CF792}.Release|Any CPU.Build.0 = Release|Any CPU
		{5E4267B3-9386-43A9-A51B-8EFAE023DAC8}.Debug|Any CPU.ActiveCfg = Debug|Any CPU
		{5E4267B3-9386-43A9-A51B-8EFAE023DAC8}.Debug|Any CPU.Build.0 = Debug|Any CPU
		{5E4267B3-9386-43A9-A51B-8EFAE023DAC8}.Release|Any CPU.ActiveCfg = Release|Any CPU
		{5E4267B3-9386-43A9-A51B-8EFAE023DAC8}.Release|Any CPU.Build.0 = Release|Any CPU
		{5934DBCD-EE13-4451-8FF3-26AA3811C0D0}.Debug|Any CPU.ActiveCfg = Debug|Any CPU
		{5934DBCD-EE13-4451-8FF3-26AA3811C0D0}.Debug|Any CPU.Build.0 = Debug|Any CPU
		{5934DBCD-EE13-4451-8FF3-26AA3811C0D0}.Release|Any CPU.ActiveCfg = Release|Any CPU
		{5934DBCD-EE13-4451-8FF3-26AA3811C0D0}.Release|Any CPU.Build.0 = Release|Any CPU
		{40D9D7A2-C6D7-477B-83A4-E079824D750F}.Debug|Any CPU.ActiveCfg = Debug|Any CPU
		{40D9D7A2-C6D7-477B-83A4-E079824D750F}.Debug|Any CPU.Build.0 = Debug|Any CPU
		{40D9D7A2-C6D7-477B-83A4-E079824D750F}.Release|Any CPU.ActiveCfg = Release|Any CPU
		{40D9D7A2-C6D7-477B-83A4-E079824D750F}.Release|Any CPU.Build.0 = Release|Any CPU
	EndGlobalSection
	GlobalSection(SolutionProperties) = preSolution
		HideSolutionNode = FALSE
	EndGlobalSection
	GlobalSection(ExtensibilityGlobals) = postSolution
		SolutionGuid = {69A975F0-857D-4DD1-A76C-FFCDBB8578EB}
	EndGlobalSection
EndGlobal
